
Microsoft Visual Studio Solution File, Format Version 12.00
# Visual Studio Version 16
VisualStudioVersion = 16.0.31515.178
MinimumVisualStudioVersion = 10.0.40219.1
Project("{9A19103F-16F7-4668-BE54-9A1E7A4F7556}") = "RestSharp.Test", "RestSharp\RestSharp.Test.csproj", "{C293E66C-9E69-4970-8E0B-1ACD725C527C}"
EndProject
Global
	GlobalSection(SolutionConfigurationPlatforms) = preSolution
		Debug|Any CPU = Debug|Any CPU
		Release|Any CPU = Release|Any CPU
	EndGlobalSection
	GlobalSection(ProjectConfigurationPlatforms) = postSolution
		{C293E66C-9E69-4970-8E0B-1ACD725C527C}.Debug|Any CPU.ActiveCfg = Debug|Any CPU
		{C293E66C-9E69-4970-8E0B-1ACD725C527C}.Debug|Any CPU.Build.0 = Debug|Any CPU
		{C293E66C-9E69-4970-8E0B-1ACD725C527C}.Release|Any CPU.ActiveCfg = Release|Any CPU
		{C293E66C-9E69-4970-8E0B-1ACD725C527C}.Release|Any CPU.Build.0 = Release|Any CPU
	EndGlobalSection
	GlobalSection(SolutionProperties) = preSolution
		HideSolutionNode = FALSE
	EndGlobalSection
	GlobalSection(ExtensibilityGlobals) = postSolution
		SolutionGuid = {0BDD5003-4903-4EF8-8ADF-19C468DDC423}
	EndGlobalSection
EndGlobal
